// !$*UTF8*$!
{
	archiveVersion = 1;
	classes = {
	};
	objectVersion = 46;
	objects = {

/* Begin PBXBuildFile section */
		BD0EBE5C1E4ADC8800682CF4 /* AppDelegate.swift in Sources */ = {isa = PBXBuildFile; fileRef = BD0EBE5B1E4ADC8800682CF4 /* AppDelegate.swift */; };
		BD0EBE5E1E4ADC8800682CF4 /* ViewController.swift in Sources */ = {isa = PBXBuildFile; fileRef = BD0EBE5D1E4ADC8800682CF4 /* ViewController.swift */; };
		BD0EBE611E4ADC8800682CF4 /* Main.storyboard in Resources */ = {isa = PBXBuildFile; fileRef = BD0EBE5F1E4ADC8800682CF4 /* Main.storyboard */; };
		BD0EBE631E4ADC8800682CF4 /* Assets.xcassets in Resources */ = {isa = PBXBuildFile; fileRef = BD0EBE621E4ADC8800682CF4 /* Assets.xcassets */; };
		BD0EBE661E4ADC8800682CF4 /* LaunchScreen.storyboard in Resources */ = {isa = PBXBuildFile; fileRef = BD0EBE641E4ADC8800682CF4 /* LaunchScreen.storyboard */; };
/* End PBXBuildFile section */

/* Begin PBXFileReference section */
		BD0EBE581E4ADC8800682CF4 /* Delegation.app */ = {isa = PBXFileReference; explicitFileType = wrapper.application; includeInIndex = 0; path = Delegation.app; sourceTree = BUILT_PRODUCTS_DIR; };
		BD0EBE5B1E4ADC8800682CF4 /* AppDelegate.swift */ = {isa = PBXFileReference; lastKnownFileType = sourcecode.swift; path = AppDelegate.swift; sourceTree = "<group>"; };
		BD0EBE5D1E4ADC8800682CF4 /* ViewController.swift */ = {isa = PBXFileReference; lastKnownFileType = sourcecode.swift; path = ViewController.swift; sourceTree = "<group>"; };
		BD0EBE601E4ADC8800682CF4 /* Base */ = {isa = PBXFileReference; lastKnownFileType = file.storyboard; name = Base; path = Base.lproj/Main.storyboard; sourceTree = "<group>"; };
		BD0EBE621E4ADC8800682CF4 /* Assets.xcassets */ = {isa = PBXFileReference; lastKnownFileType = folder.assetcatalog; path = Assets.xcassets; sourceTree = "<group>"; };
		BD0EBE651E4ADC8800682CF4 /* Base */ = {isa = PBXFileReference; lastKnownFileType = file.storyboard; name = Base; path = Base.lproj/LaunchScreen.storyboard; sourceTree = "<group>"; };
		BD0EBE671E4ADC8800682CF4 /* Info.plist */ = {isa = PBXFileReference; lastKnownFileType = text.plist.xml; path = Info.plist; sourceTree = "<group>"; };
/* End PBXFileReference section */

/* Begin PBXFrameworksBuildPhase section */
		BD0EBE551E4ADC8800682CF4 /* Frameworks */ = {
			isa = PBXFrameworksBuildPhase;
			buildActionMask = 2147483647;
			files = (
			);
			runOnlyForDeploymentPostprocessing = 0;
		};
/* End PBXFrameworksBuildPhase section */

/* Begin PBXGroup section */
		BD0EBE4F1E4ADC8800682CF4 = {
			isa = PBXGroup;
			children = (
				BD0EBE5A1E4ADC8800682CF4 /* Delegation */,
				BD0EBE591E4ADC8800682CF4 /* Products */,
			);
			sourceTree = "<group>";
		};
		BD0EBE591E4ADC8800682CF4 /* Products */ = {
			isa = PBXGroup;
			children = (
				BD0EBE581E4ADC8800682CF4 /* Delegation.app */,
			);
			name = Products;
			sourceTree = "<group>";
		};
		BD0EBE5A1E4ADC8800682CF4 /* Delegation */ = {
			isa = PBXGroup;
			children = (
				BD0EBE5B1E4ADC8800682CF4 /* AppDelegate.swift */,
				BD0EBE5D1E4ADC8800682CF4 /* ViewController.swift */,
				BD0EBE5F1E4ADC8800682CF4 /* Main.storyboard */,
				BD0EBE621E4ADC8800682CF4 /* Assets.xcassets */,
				BD0EBE641E4ADC8800682CF4 /* LaunchScreen.storyboard */,
				BD0EBE671E4ADC8800682CF4 /* Info.plist */,
			);
			path = Delegation;
			sourceTree = "<group>";
		};
/* End PBXGroup section */

/* Begin PBXNativeTarget section */
		BD0EBE571E4ADC8800682CF4 /* Delegation */ = {
			isa = PBXNativeTarget;
			buildConfigurationList = BD0EBE6A1E4ADC8800682CF4 /* Build configuration list for PBXNativeTarget "Delegation" */;
			buildPhases = (
				BD0EBE541E4ADC8800682CF4 /* Sources */,
				BD0EBE551E4ADC8800682CF4 /* Frameworks */,
				BD0EBE561E4ADC8800682CF4 /* Resources */,
			);
			buildRules = (
			);
			dependencies = (
			);
			name = Delegation;
			productName = Delegation;
			productReference = BD0EBE581E4ADC8800682CF4 /* Delegation.app */;
			productType = "com.apple.product-type.application";
		};
/* End PBXNativeTarget section */

/* Begin PBXProject section */
		BD0EBE501E4ADC8800682CF4 /* Project object */ = {
			isa = PBXProject;
			attributes = {
				LastSwiftUpdateCheck = 0820;
				LastUpgradeCheck = 0820;
				ORGANIZATIONNAME = "Changzhou Panda";
				TargetAttributes = {
					BD0EBE571E4ADC8800682CF4 = {
						CreatedOnToolsVersion = 8.2.1;
						ProvisioningStyle = Automatic;
					};
				};
			};
			buildConfigurationList = BD0EBE531E4ADC8800682CF4 /* Build configuration list for PBXProject "Delegation" */;
			compatibilityVersion = "Xcode 3.2";
			developmentRegion = English;
			hasScannedForEncodings = 0;
			knownRegions = (
				en,
				Base,
			);
			mainGroup = BD0EBE4F1E4ADC8800682CF4;
			productRefGroup = BD0EBE591E4ADC8800682CF4 /* Products */;
			projectDirPath = "";
			projectRoot = "";
			targets = (
				BD0EBE571E4ADC8800682CF4 /* Delegation */,
			);
		};
/* End PBXProject section */

/* Begin PBXResourcesBuildPhase section */
		BD0EBE561E4ADC8800682CF4 /* Resources */ = {
			isa = PBXResourcesBuildPhase;
			buildActionMask = 2147483647;
			files = (
				BD0EBE661E4ADC8800682CF4 /* LaunchScreen.storyboard in Resources */,
				BD0EBE631E4ADC8800682CF4 /* Assets.xcassets in Resources */,
				BD0EBE611E4ADC8800682CF4 /* Main.storyboard in Resources */,
			);
			runOnlyForDeploymentPostprocessing = 0;
		};
/* End PBXResourcesBuildPhase section */

/* Begin PBXSourcesBuildPhase section */
		BD0EBE541E4ADC8800682CF4 /* Sources */ = {
			isa = PBXSourcesBuildPhase;
			buildActionMask = 2147483647;
			files = (
				BD0EBE5E1E4ADC8800682CF4 /* ViewController.swift in Sources */,
				BD0EBE5C1E4ADC8800682CF4 /* AppDelegate.swift in Sources */,
			);
			runOnlyForDeploymentPostprocessing = 0;
		};
/* End PBXSourcesBuildPhase section */

/* Begin PBXVariantGroup section */
		BD0EBE5F1E4ADC8800682CF4 /* Main.storyboard */ = {
			isa = PBXVariantGroup;
			children = (
				BD0EBE601E4ADC8800682CF4 /* Base */,
			);
			name = Main.storyboard;
			sourceTree = "<group>";
		};
		BD0EBE641E4ADC8800682CF4 /* LaunchScreen.storyboard */ = {
			isa = PBXVariantGroup;
			children = (
				BD0EBE651E4ADC8800682CF4 /* Base */,
			);
			name = LaunchScreen.storyboard;
			sourceTree = "<group>";
		};
/* End PBXVariantGroup section */

/* Begin XCBuildConfiguration section */
		BD0EBE681E4ADC8800682CF4 /* Debug */ = {
			isa = XCBuildConfiguration;
			buildSettings = {
				ALWAYS_SEARCH_USER_PATHS = NO;
				CLANG_ANALYZER_NONNULL = YES;
				CLANG_CXX_LANGUAGE_STANDARD = "gnu++0x";
				CLANG_CXX_LIBRARY = "libc++";
				CLANG_ENABLE_MODULES = YES;
				CLANG_ENABLE_OBJC_ARC = YES;
				CLANG_WARN_BOOL_CONVERSION = YES;
				CLANG_WARN_CONSTANT_CONVERSION = YES;
				CLANG_WARN_DIRECT_OBJC_ISA_USAGE = YES_ERROR;
				CLANG_WARN_DOCUMENTATION_COMMENTS = YES;
				CLANG_WARN_EMPTY_BODY = YES;
				CLANG_WARN_ENUM_CONVERSION = YES;
				CLANG_WARN_INFINITE_RECURSION = YES;
				CLANG_WARN_INT_CONVERSION = YES;
				CLANG_WARN_OBJC_ROOT_CLASS = YES_ERROR;
				CLANG_WARN_SUSPICIOUS_MOVE = YES;
				CLANG_WARN_UNREACHABLE_CODE = YES;
				CLANG_WARN__DUPLICATE_METHOD_MATCH = YES;
				"CODE_SIGN_IDENTITY[sdk=iphoneos*]" = "iPhone Developer";
				COPY_PHASE_STRIP = NO;
				DEBUG_INFORMATION_FORMAT = dwarf;
				ENABLE_STRICT_OBJC_MSGSEND = YES;
				ENABLE_TESTABILITY = YES;
				GCC_C_LANGUAGE_STANDARD = gnu99;
				GCC_DYNAMIC_NO_PIC = NO;
				GCC_NO_COMMON_BLOCKS = YES;
				GCC_OPTIMIZATION_LEVEL = 0;
				GCC_PREPROCESSOR_DEFINITIONS = (
					"DEBUG=1",
					"$(inherited)",
				);
				GCC_WARN_64_TO_32_BIT_CONVERSION = YES;
				GCC_WARN_ABOUT_RETURN_TYPE = YES_ERROR;
				GCC_WARN_UNDECLARED_SELECTOR = YES;
				GCC_WARN_UNINITIALIZED_AUTOS = YES_AGGRESSIVE;
				GCC_WARN_UNUSED_FUNCTION = YES;
				GCC_WARN_UNUSED_VARIABLE = YES;
				IPHONEOS_DEPLOYMENT_TARGET = 10.2;
				MTL_ENABLE_DEBUG_INFO = YES;
				ONLY_ACTIVE_ARCH = YES;
				SDKROOT = iphoneos;
				SWIFT_ACTIVE_COMPILATION_CONDITIONS = DEBUG;
				SWIFT_OPTIMIZATION_LEVEL = "-Onone";
				TARGETED_DEVICE_FAMILY = "1,2";
			};
			name = Debug;
		};
		BD0EBE691E4ADC8800682CF4 /* Release */ = {
			isa = XCBuildConfiguration;
			buildSettings = {
				ALWAYS_SEARCH_USER_PATHS = NO;
				CLANG_ANALYZER_NONNULL = YES;
				CLANG_CXX_LANGUAGE_STANDARD = "gnu++0x";
				CLANG_CXX_LIBRARY = "libc++";
				CLANG_ENABLE_MODULES = YES;
				CLANG_ENABLE_OBJC_ARC = YES;
				CLANG_WARN_BOOL_CONVERSION = YES;
				CLANG_WARN_CONSTANT_CONVERSION = YES;
				CLANG_WARN_DIRECT_OBJC_ISA_USAGE = YES_ERROR;
				CLANG_WARN_DOCUMENTATION_COMMENTS = YES;
				CLANG_WARN_EMPTY_BODY = YES;
				CLANG_WARN_ENUM_CONVERSION = YES;
				CLANG_WARN_INFINITE_RECURSION = YES;
				CLANG_WARN_INT_CONVERSION = YES;
				CLANG_WARN_OBJC_ROOT_CLASS = YES_ERROR;
				CLANG_WARN_SUSPICIOUS_MOVE = YES;
				CLANG_WARN_UNREACHABLE_CODE = YES;
				CLANG_WARN__DUPLICATE_METHOD_MATCH = YES;
				"CODE_SIGN_IDENTITY[sdk=iphoneos*]" = "iPhone Developer";
				COPY_PHASE_STRIP = NO;
				DEBUG_INFORMATION_FORMAT = "dwarf-with-dsym";
				ENABLE_NS_ASSERTIONS = NO;
				ENABLE_STRICT_OBJC_MSGSEND = YES;
				GCC_C_LANGUAGE_STANDARD = gnu99;
				GCC_NO_COMMON_BLOCKS = YES;
				GCC_WARN_64_TO_32_BIT_CONVERSION = YES;
				GCC_WARN_ABOUT_RETURN_TYPE = YES_ERROR;
				GCC_WARN_UNDECLARED_SELECTOR = YES;
				GCC_WARN_UNINITIALIZED_AUTOS = YES_AGGRESSIVE;
				GCC_WARN_UNUSED_FUNCTION = YES;
				GCC_WARN_UNUSED_VARIABLE = YES;
				IPHONEOS_DEPLOYMENT_TARGET = 10.2;
				MTL_ENABLE_DEBUG_INFO = NO;
				SDKROOT = iphoneos;
				SWIFT_OPTIMIZATION_LEVEL = "-Owholemodule";
				TARGETED_DEVICE_FAMILY = "1,2";
				VALIDATE_PRODUCT = YES;
			};
			name = Release;
		};
		BD0EBE6B1E4ADC8800682CF4 /* Debug */ = {
			isa = XCBuildConfiguration;
			buildSettings = {
				ASSETCATALOG_COMPILER_APPICON_NAME = AppIcon;
				INFOPLIST_FILE = Delegation/Info.plist;
				LD_RUNPATH_SEARCH_PATHS = "$(inherited) @executable_path/Frameworks";
				PRODUCT_BUNDLE_IDENTIFIER = com.changzhoupanda.Delegation;
				PRODUCT_NAME = "$(TARGET_NAME)";
				SWIFT_VERSION = 3.0;
			};
			name = Debug;
		};
		BD0EBE6C1E4ADC8800682CF4 /* Release */ = {
			isa = XCBuildConfiguration;
			buildSettings = {
				ASSETCATALOG_COMPILER_APPICON_NAME = AppIcon;
				INFOPLIST_FILE = Delegation/Info.plist;
				LD_RUNPATH_SEARCH_PATHS = "$(inherited) @executable_path/Frameworks";
				PRODUCT_BUNDLE_IDENTIFIER = com.changzhoupanda.Delegation;
				PRODUCT_NAME = "$(TARGET_NAME)";
				SWIFT_VERSION = 3.0;
			};
			name = Release;
		};
/* End XCBuildConfiguration section */

/* Begin XCConfigurationList section */
		BD0EBE531E4ADC8800682CF4 /* Build configuration list for PBXProject "Delegation" */ = {
			isa = XCConfigurationList;
			buildConfigurations = (
				BD0EBE681E4ADC8800682CF4 /* Debug */,
				BD0EBE691E4ADC8800682CF4 /* Release */,
			);
			defaultConfigurationIsVisible = 0;
			defaultConfigurationName = Release;
		};
		BD0EBE6A1E4ADC8800682CF4 /* Build configuration list for PBXNativeTarget "Delegation" */ = {
			isa = XCConfigurationList;
			buildConfigurations = (
				BD0EBE6B1E4ADC8800682CF4 /* Debug */,
				BD0EBE6C1E4ADC8800682CF4 /* Release */,
			);
			defaultConfigurationIsVisible = 0;
		};
/* End XCConfigurationList section */
	};
	rootObject = BD0EBE501E4ADC8800682CF4 /* Project object */;
}
